
Microsoft Visual Studio Solution File, Format Version 12.00
# Visual Studio Version 17
VisualStudioVersion = 17.2.32630.192
MinimumVisualStudioVersion = 10.0.40219.1
Project("{FAE04EC0-301F-11D3-BF4B-00C04F79EFBC}") = "PatikaPayCoreAssignment2", "PatikaPayCoreAssignment2\PatikaPayCoreAssignment2.csproj", "{EA5541FD-BA53-4EB9-BF7F-2AC18FD148D4}"
EndProject
Global
	GlobalSection(SolutionConfigurationPlatforms) = preSolution
		Debug|Any CPU = Debug|Any CPU
		Release|Any CPU = Release|Any CPU
	EndGlobalSection
	GlobalSection(ProjectConfigurationPlatforms) = postSolution
		{EA5541FD-BA53-4EB9-BF7F-2AC18FD148D4}.Debug|Any CPU.ActiveCfg = Debug|Any CPU
		{EA5541FD-BA53-4EB9-BF7F-2AC18FD148D4}.Debug|Any CPU.Build.0 = Debug|Any CPU
		{EA5541FD-BA53-4EB9-BF7F-2AC18FD148D4}.Release|Any CPU.ActiveCfg = Release|Any CPU
		{EA5541FD-BA53-4EB9-BF7F-2AC18FD148D4}.Release|Any CPU.Build.0 = Release|Any CPU
	EndGlobalSection
	GlobalSection(SolutionProperties) = preSolution
		HideSolutionNode = FALSE
	EndGlobalSection
	GlobalSection(ExtensibilityGlobals) = postSolution
		SolutionGuid = {3571599A-6A9D-43C4-81D1-9EC7CAC4F9BA}
	EndGlobalSection
EndGlobal
