
Microsoft Visual Studio Solution File, Format Version 12.00
# Visual Studio Version 17
VisualStudioVersion = 17.2.32630.192
MinimumVisualStudioVersion = 10.0.40219.1
Project("{FAE04EC0-301F-11D3-BF4B-00C04F79EFBC}") = "PatikaPaycoreHW4", "PatikaPaycoreHW4\PatikaPaycoreHW4.csproj", "{AB3F374B-17AC-4445-B9A4-5A5B970D5712}"
EndProject
Global
	GlobalSection(SolutionConfigurationPlatforms) = preSolution
		Debug|Any CPU = Debug|Any CPU
		Release|Any CPU = Release|Any CPU
	EndGlobalSection
	GlobalSection(ProjectConfigurationPlatforms) = postSolution
		{AB3F374B-17AC-4445-B9A4-5A5B970D5712}.Debug|Any CPU.ActiveCfg = Debug|Any CPU
		{AB3F374B-17AC-4445-B9A4-5A5B970D5712}.Debug|Any CPU.Build.0 = Debug|Any CPU
		{AB3F374B-17AC-4445-B9A4-5A5B970D5712}.Release|Any CPU.ActiveCfg = Release|Any CPU
		{AB3F374B-17AC-4445-B9A4-5A5B970D5712}.Release|Any CPU.Build.0 = Release|Any CPU
	EndGlobalSection
	GlobalSection(SolutionProperties) = preSolution
		HideSolutionNode = FALSE
	EndGlobalSection
	GlobalSection(ExtensibilityGlobals) = postSolution
		SolutionGuid = {9EDB54BC-CAD5-447E-981E-A3077EE657B9}
	EndGlobalSection
EndGlobal
